
Microsoft Visual Studio Solution File, Format Version 12.00
# Visual Studio Version 16
VisualStudioVersion = 16.0.31515.178
MinimumVisualStudioVersion = 10.0.40219.1
Project("{9A19103F-16F7-4668-BE54-9A1E7A4F7556}") = "CRUD_APIs", "CRUD_APIs.csproj", "{5834283D-6B41-46D4-9DEA-9F132648A1B9}"
EndProject
Project("{FAE04EC0-301F-11D3-BF4B-00C04F79EFBC}") = "CRUD_UnitTest", "..\CRUD_UnitTest\CRUD_UnitTest.csproj", "{E67BE5B3-547F-4C82-B780-BEE361566606}"
EndProject
Global
	GlobalSection(SolutionConfigurationPlatforms) = preSolution
		Debug|Any CPU = Debug|Any CPU
		Release|Any CPU = Release|Any CPU
	EndGlobalSection
	GlobalSection(ProjectConfigurationPlatforms) = postSolution
		{5834283D-6B41-46D4-9DEA-9F132648A1B9}.Debug|Any CPU.ActiveCfg = Debug|Any CPU
		{5834283D-6B41-46D4-9DEA-9F132648A1B9}.Debug|Any CPU.Build.0 = Debug|Any CPU
		{5834283D-6B41-46D4-9DEA-9F132648A1B9}.Release|Any CPU.ActiveCfg = Release|Any CPU
		{5834283D-6B41-46D4-9DEA-9F132648A1B9}.Release|Any CPU.Build.0 = Release|Any CPU
		{E67BE5B3-547F-4C82-B780-BEE361566606}.Debug|Any CPU.ActiveCfg = Debug|Any CPU
		{E67BE5B3-547F-4C82-B780-BEE361566606}.Debug|Any CPU.Build.0 = Debug|Any CPU
		{E67BE5B3-547F-4C82-B780-BEE361566606}.Release|Any CPU.ActiveCfg = Release|Any CPU
		{E67BE5B3-547F-4C82-B780-BEE361566606}.Release|Any CPU.Build.0 = Release|Any CPU
	EndGlobalSection
	GlobalSection(SolutionProperties) = preSolution
		HideSolutionNode = FALSE
	EndGlobalSection
	GlobalSection(ExtensibilityGlobals) = postSolution
		SolutionGuid = {080BFB85-3541-4A1B-BCD0-72FF8A6994FF}
	EndGlobalSection
EndGlobal
